version = 1
revision = 3
requires-python = ">=3.14"

[[package]]
name = "langgraph"
version = "0.1.0"
source = { virtual = "." }
dependencies = [
    { name = "operators" },
]

[package.metadata]
requires-dist = [{ name = "operators", specifier = ">=1.0.1" }]

[[package]]
name = "operators"
version = "1.0.1"
source = { registry = "https://pypi.org/simple" }
sdist = { url = "https://files.pythonhosted.org/packages/12/15/d9d6d897ea63682709906b43ae5d3dd6a6b5e84ab8cc576af2d2bd292448/operators-1.0.1.tar.gz", hash = "sha256:6f6add5704ddde84e6bbc3176d0eb323b56c4fcde375d0f3228be2d19acc50a6", size = 1482, upload-time = "2022-01-29T18:52:19.714Z" }
wheels = [
    { url = "https://files.pythonhosted.org/packages/41/2f/7b8d8405193986ea19d158b2b38b231d5955c423f318cb0ad8a307a46853/operators-1.0.1-py3-none-any.whl", hash = "sha256:dc066c63c4ceb8f40f46618e7a251b4876725661f728c277b2eee4a09d6a9a91", size = 1829, upload-time = "2022-01-29T18:52:17.445Z" },
]
